// !$*UTF8*$!
{
	archiveVersion = 1;
	classes = {
	};
	objectVersion = 77;
	objects = {

/* Begin PBXBuildFile section */
		007DF1B78B85420A704F8F34 /* main.swift in Sources */ = {isa = PBXBuildFile; fileRef = B03759FB9105D4D3E02D4DE3 /* main.swift */; };
		07776DF9B2BE228B2EFA4566 /* Composition.swift in Sources */ = {isa = PBXBuildFile; fileRef = 445E24C845CB9F13A235589E /* Composition.swift */; };
		0CBD7641BDFB4FDCC3F5D2C5 /* ShotCell.swift in Sources */ = {isa = PBXBuildFile; fileRef = C353F07622E1853C9A758B5F /* ShotCell.swift */; };
		2093C320099FF2C35A38877A /* RootView.swift in Sources */ = {isa = PBXBuildFile; fileRef = D23EFEE0990BF78AF95B29CE /* RootView.swift */; };
		24BDF6178A3683305B2E0DCC /* RootView.swift in Sources */ = {isa = PBXBuildFile; fileRef = D23EFEE0990BF78AF95B29CE /* RootView.swift */; };
		2BA892758BC7F49E8495F281 /* main.swift in Sources */ = {isa = PBXBuildFile; fileRef = 006AFA79D5ADACA512DB698F /* main.swift */; };
		2EE5D8289209DFCF1DC52EE2 /* PoseProvider.swift in Sources */ = {isa = PBXBuildFile; fileRef = 3CDC46588584CE5887303191 /* PoseProvider.swift */; };
		2F438C7740AE320FCA33D469 /* StyleSchema.swift in Sources */ = {isa = PBXBuildFile; fileRef = F080369FE263622AB0237836 /* StyleSchema.swift */; };
		3312AA868189344A37C6747B /* SidebarView.swift in Sources */ = {isa = PBXBuildFile; fileRef = E8A2015B58FA275085359C25 /* SidebarView.swift */; };
		41D529605EC5629F9025E152 /* MadiApp.swift in Sources */ = {isa = PBXBuildFile; fileRef = 1E9DC392FB5C0C3CFF7817F9 /* MadiApp.swift */; };
		498A29E3EF2E75257EADC4AD /* Font.swift in Sources */ = {isa = PBXBuildFile; fileRef = 9198795506821EE4D71C606A /* Font.swift */; };
		4FB64F36C58E61FA1C86AF1A /* ShotCell.swift in Sources */ = {isa = PBXBuildFile; fileRef = C353F07622E1853C9A758B5F /* ShotCell.swift */; };
		55BFC2D227DCDDFD63F04E38 /* StyleTests.swift in Sources */ = {isa = PBXBuildFile; fileRef = 407CF4C64A45F212D6AA28FA /* StyleTests.swift */; };
		56BA0DAE7878958DC6021E5E /* GalleryScreen.swift in Sources */ = {isa = PBXBuildFile; fileRef = F66478482D65AA2F3A550DE6 /* GalleryScreen.swift */; };
		5EC4898A1FFFEA0919EFE78F /* ThumbnailView.swift in Sources */ = {isa = PBXBuildFile; fileRef = CA06076D2C37AFB52A054685 /* ThumbnailView.swift */; };
		631C3B5825F86943E42C6697 /* MadiKit.framework in Frameworks */ = {isa = PBXBuildFile; fileRef = 409E7371C9108F4322587DF0 /* MadiKit.framework */; };
		64E6401962C8137B5156C041 /* styles in Resources */ = {isa = PBXBuildFile; fileRef = 51E6B50BFE4E0F63A6994F30 /* styles */; };
		6B3E982EF607902E95F17BE7 /* PoseOverlay.swift in Sources */ = {isa = PBXBuildFile; fileRef = 72D94087F95A27AD4220EBA1 /* PoseOverlay.swift */; };
		74E3D5333D6E6085E0C38514 /* SampleData.swift in Sources */ = {isa = PBXBuildFile; fileRef = 4128CE6E4AFED6AD5491C264 /* SampleData.swift */; };
		78B15137301B5B86F724D221 /* ThumbnailView.swift in Sources */ = {isa = PBXBuildFile; fileRef = CA06076D2C37AFB52A054685 /* ThumbnailView.swift */; };
		7C9E11D054D39BC490258492 /* PretendardVariable.ttf in Resources */ = {isa = PBXBuildFile; fileRef = 8148334F0D1C4607F6103479 /* PretendardVariable.ttf */; };
		7E40D672E298A150152E6A77 /* Copy.swift in Sources */ = {isa = PBXBuildFile; fileRef = 2704493EA14FFB218BD85234 /* Copy.swift */; };
		7EC27D66EB8FA2EB23EF7B40 /* StyleStore.swift in Sources */ = {isa = PBXBuildFile; fileRef = 17ABE83D90BA6977FB20DD73 /* StyleStore.swift */; };
		8F8D3E23A77E148BCC89AFA8 /* OFL.txt in Resources */ = {isa = PBXBuildFile; fileRef = F441B6E8EB91AD06BD449DE9 /* OFL.txt */; };
		8FD1677DF404DBD865A55D84 /* ShotInspector.swift in Sources */ = {isa = PBXBuildFile; fileRef = 69FA9B25C6634222F16324AB /* ShotInspector.swift */; };
		927E3BBA58DC739C64FC1904 /* MadiKit.framework in Frameworks */ = {isa = PBXBuildFile; fileRef = 409E7371C9108F4322587DF0 /* MadiKit.framework */; };
		9E9EE4E9653FAD55F33393EA /* ViewData.swift in Sources */ = {isa = PBXBuildFile; fileRef = B501D4D78085E4494C9267E0 /* ViewData.swift */; };
		A6F36ADDD48689551312F81C /* SubjectDetector.swift in Sources */ = {isa = PBXBuildFile; fileRef = 75236889EB2CBFE994D392D2 /* SubjectDetector.swift */; };
		A71CD837B55F05CD74CD62A5 /* CaptionLayer.swift in Sources */ = {isa = PBXBuildFile; fileRef = 71CD7162AEC4CB13D3A85753 /* CaptionLayer.swift */; };
		B7657EE3966D5B2948F05A31 /* ShotInspector.swift in Sources */ = {isa = PBXBuildFile; fileRef = 69FA9B25C6634222F16324AB /* ShotInspector.swift */; };
		B84729514D4454755BF89583 /* Layout.swift in Sources */ = {isa = PBXBuildFile; fileRef = EBC6F4DD77E4B83E33D191D5 /* Layout.swift */; };
		B95FD6137063423CD9DB2989 /* Tokens.swift in Sources */ = {isa = PBXBuildFile; fileRef = C43B0035E8655B359C0E3B47 /* Tokens.swift */; };
		C19C038351F0A44E688981C7 /* MadiKit.framework in Embed Frameworks */ = {isa = PBXBuildFile; fileRef = 409E7371C9108F4322587DF0 /* MadiKit.framework */; settings = {ATTRIBUTES = (CodeSignOnCopy, RemoveHeadersOnCopy, ); }; };
		CC86AF959B9705EC491D0637 /* JSONValue.swift in Sources */ = {isa = PBXBuildFile; fileRef = 9F09B5CE975F12C72180877E /* JSONValue.swift */; };
		D88DF0769A48CFDF2CE19AA9 /* SidebarView.swift in Sources */ = {isa = PBXBuildFile; fileRef = E8A2015B58FA275085359C25 /* SidebarView.swift */; };
		DD6B5D3982C692F53D075B8E /* StillRenderer.swift in Sources */ = {isa = PBXBuildFile; fileRef = 0CF255FFFF4817C0CC024338 /* StillRenderer.swift */; };
		DF49714AE26CCB238A41B42F /* FrameSheet.swift in Sources */ = {isa = PBXBuildFile; fileRef = DA6ADD859B1A49D3B7AED392 /* FrameSheet.swift */; };
		E18ACF13437C7F2E6178E2D4 /* Tokens.swift in Sources */ = {isa = PBXBuildFile; fileRef = C43B0035E8655B359C0E3B47 /* Tokens.swift */; };
		E7B5F43FB54DA90B9F02FFDF /* MadiKit.framework in Frameworks */ = {isa = PBXBuildFile; fileRef = 409E7371C9108F4322587DF0 /* MadiKit.framework */; };
		EDFC7A9DCC434C1E09B1BF3D /* SampleData.swift in Sources */ = {isa = PBXBuildFile; fileRef = 4128CE6E4AFED6AD5491C264 /* SampleData.swift */; };
		EF0F26CB078C7C8B601BDC4D /* ViewData.swift in Sources */ = {isa = PBXBuildFile; fileRef = B501D4D78085E4494C9267E0 /* ViewData.swift */; };
		F76C7F574A45D391BC82F937 /* CompositionTests.swift in Sources */ = {isa = PBXBuildFile; fileRef = 3E21F644B2F761A97C070BE8 /* CompositionTests.swift */; };
		F949B92E3B8AC97F765F9967 /* GalleryScreen.swift in Sources */ = {isa = PBXBuildFile; fileRef = F66478482D65AA2F3A550DE6 /* GalleryScreen.swift */; };
		FC3555D591D888294B8CF13A /* Renderer.swift in Sources */ = {isa = PBXBuildFile; fileRef = C3B2B8D01B0628FACEC7DDB1 /* Renderer.swift */; };
		FDAD3F002F69F8295199DB0C /* Copy.swift in Sources */ = {isa = PBXBuildFile; fileRef = 2704493EA14FFB218BD85234 /* Copy.swift */; };
/* End PBXBuildFile section */

/* Begin PBXContainerItemProxy section */
		0D9055D5AA285AEC1A970C34 /* PBXContainerItemProxy */ = {
			isa = PBXContainerItemProxy;
			containerPortal = F0A36624190F4EC8F8D4D9E5 /* Project object */;
			proxyType = 1;
			remoteGlobalIDString = 15DF6E938EF009BBF466D811;
			remoteInfo = MadiKit;
		};
		85361ED6C34206F740EBA63B /* PBXContainerItemProxy */ = {
			isa = PBXContainerItemProxy;
			containerPortal = F0A36624190F4EC8F8D4D9E5 /* Project object */;
			proxyType = 1;
			remoteGlobalIDString = 15DF6E938EF009BBF466D811;
			remoteInfo = MadiKit;
		};
		C2AA01650A1EC80F0CD38C5F /* PBXContainerItemProxy */ = {
			isa = PBXContainerItemProxy;
			containerPortal = F0A36624190F4EC8F8D4D9E5 /* Project object */;
			proxyType = 1;
			remoteGlobalIDString = 15DF6E938EF009BBF466D811;
			remoteInfo = MadiKit;
		};
/* End PBXContainerItemProxy section */

/* Begin PBXCopyFilesBuildPhase section */
		BF3A0AE0AFDEB21B8156F0CD /* Embed Frameworks */ = {
			isa = PBXCopyFilesBuildPhase;
			buildActionMask = 2147483647;
			dstPath = "";
			dstSubfolderSpec = 10;
			files = (
				C19C038351F0A44E688981C7 /* MadiKit.framework in Embed Frameworks */,
			);
			name = "Embed Frameworks";
			runOnlyForDeploymentPostprocessing = 0;
		};
/* End PBXCopyFilesBuildPhase section */

/* Begin PBXFileReference section */
		006AFA79D5ADACA512DB698F /* main.swift */ = {isa = PBXFileReference; lastKnownFileType = sourcecode.swift; path = main.swift; sourceTree = "<group>"; };
		0CF255FFFF4817C0CC024338 /* StillRenderer.swift */ = {isa = PBXFileReference; lastKnownFileType = sourcecode.swift; path = StillRenderer.swift; sourceTree = "<group>"; };
		17ABE83D90BA6977FB20DD73 /* StyleStore.swift */ = {isa = PBXFileReference; lastKnownFileType = sourcecode.swift; path = StyleStore.swift; sourceTree = "<group>"; };
		181BC5EB1AF428D241C43C78 /* MadiSpike */ = {isa = PBXFileReference; includeInIndex = 0; path = MadiSpike; sourceTree = BUILT_PRODUCTS_DIR; };
		1E9DC392FB5C0C3CFF7817F9 /* MadiApp.swift */ = {isa = PBXFileReference; lastKnownFileType = sourcecode.swift; path = MadiApp.swift; sourceTree = "<group>"; };
		2704493EA14FFB218BD85234 /* Copy.swift */ = {isa = PBXFileReference; lastKnownFileType = sourcecode.swift; path = Copy.swift; sourceTree = "<group>"; };
		3CDC46588584CE5887303191 /* PoseProvider.swift */ = {isa = PBXFileReference; lastKnownFileType = sourcecode.swift; path = PoseProvider.swift; sourceTree = "<group>"; };
		3E21F644B2F761A97C070BE8 /* CompositionTests.swift */ = {isa = PBXFileReference; lastKnownFileType = sourcecode.swift; path = CompositionTests.swift; sourceTree = "<group>"; };
		407CF4C64A45F212D6AA28FA /* StyleTests.swift */ = {isa = PBXFileReference; lastKnownFileType = sourcecode.swift; path = StyleTests.swift; sourceTree = "<group>"; };
		409E7371C9108F4322587DF0 /* MadiKit.framework */ = {isa = PBXFileReference; explicitFileType = wrapper.framework; includeInIndex = 0; path = MadiKit.framework; sourceTree = BUILT_PRODUCTS_DIR; };
		4128CE6E4AFED6AD5491C264 /* SampleData.swift */ = {isa = PBXFileReference; lastKnownFileType = sourcecode.swift; path = SampleData.swift; sourceTree = "<group>"; };
		445E24C845CB9F13A235589E /* Composition.swift */ = {isa = PBXFileReference; lastKnownFileType = sourcecode.swift; path = Composition.swift; sourceTree = "<group>"; };
		51E6B50BFE4E0F63A6994F30 /* styles */ = {isa = PBXFileReference; lastKnownFileType = folder; name = styles; path = Madi/Resources/styles; sourceTree = SOURCE_ROOT; };
		69FA9B25C6634222F16324AB /* ShotInspector.swift */ = {isa = PBXFileReference; lastKnownFileType = sourcecode.swift; path = ShotInspector.swift; sourceTree = "<group>"; };
		71CD7162AEC4CB13D3A85753 /* CaptionLayer.swift */ = {isa = PBXFileReference; lastKnownFileType = sourcecode.swift; path = CaptionLayer.swift; sourceTree = "<group>"; };
		72D94087F95A27AD4220EBA1 /* PoseOverlay.swift */ = {isa = PBXFileReference; lastKnownFileType = sourcecode.swift; path = PoseOverlay.swift; sourceTree = "<group>"; };
		75236889EB2CBFE994D392D2 /* SubjectDetector.swift */ = {isa = PBXFileReference; lastKnownFileType = sourcecode.swift; path = SubjectDetector.swift; sourceTree = "<group>"; };
		8148334F0D1C4607F6103479 /* PretendardVariable.ttf */ = {isa = PBXFileReference; lastKnownFileType = file; path = PretendardVariable.ttf; sourceTree = "<group>"; };
		9198795506821EE4D71C606A /* Font.swift */ = {isa = PBXFileReference; lastKnownFileType = sourcecode.swift; path = Font.swift; sourceTree = "<group>"; };
		99FF29B03B61C75F0F2A1992 /* MadiTests.xctest */ = {isa = PBXFileReference; explicitFileType = wrapper.cfbundle; includeInIndex = 0; path = MadiTests.xctest; sourceTree = BUILT_PRODUCTS_DIR; };
		9F09B5CE975F12C72180877E /* JSONValue.swift */ = {isa = PBXFileReference; lastKnownFileType = sourcecode.swift; path = JSONValue.swift; sourceTree = "<group>"; };
		A6846090E3F100A140F296D0 /* Madi.app */ = {isa = PBXFileReference; explicitFileType = wrapper.application; includeInIndex = 0; path = Madi.app; sourceTree = BUILT_PRODUCTS_DIR; };
		B03759FB9105D4D3E02D4DE3 /* main.swift */ = {isa = PBXFileReference; lastKnownFileType = sourcecode.swift; path = main.swift; sourceTree = "<group>"; };
		B501D4D78085E4494C9267E0 /* ViewData.swift */ = {isa = PBXFileReference; lastKnownFileType = sourcecode.swift; path = ViewData.swift; sourceTree = "<group>"; };
		C353F07622E1853C9A758B5F /* ShotCell.swift */ = {isa = PBXFileReference; lastKnownFileType = sourcecode.swift; path = ShotCell.swift; sourceTree = "<group>"; };
		C3B2B8D01B0628FACEC7DDB1 /* Renderer.swift */ = {isa = PBXFileReference; lastKnownFileType = sourcecode.swift; path = Renderer.swift; sourceTree = "<group>"; };
		C43B0035E8655B359C0E3B47 /* Tokens.swift */ = {isa = PBXFileReference; lastKnownFileType = sourcecode.swift; path = Tokens.swift; sourceTree = "<group>"; };
		C82B9B1ABC2CD65FF56DC695 /* MadiUIShots */ = {isa = PBXFileReference; includeInIndex = 0; path = MadiUIShots; sourceTree = BUILT_PRODUCTS_DIR; };
		CA06076D2C37AFB52A054685 /* ThumbnailView.swift */ = {isa = PBXFileReference; lastKnownFileType = sourcecode.swift; path = ThumbnailView.swift; sourceTree = "<group>"; };
		D23EFEE0990BF78AF95B29CE /* RootView.swift */ = {isa = PBXFileReference; lastKnownFileType = sourcecode.swift; path = RootView.swift; sourceTree = "<group>"; };
		DA6ADD859B1A49D3B7AED392 /* FrameSheet.swift */ = {isa = PBXFileReference; lastKnownFileType = sourcecode.swift; path = FrameSheet.swift; sourceTree = "<group>"; };
		E8A2015B58FA275085359C25 /* SidebarView.swift */ = {isa = PBXFileReference; lastKnownFileType = sourcecode.swift; path = SidebarView.swift; sourceTree = "<group>"; };
		EBC6F4DD77E4B83E33D191D5 /* Layout.swift */ = {isa = PBXFileReference; lastKnownFileType = sourcecode.swift; path = Layout.swift; sourceTree = "<group>"; };
		F080369FE263622AB0237836 /* StyleSchema.swift */ = {isa = PBXFileReference; lastKnownFileType = sourcecode.swift; path = StyleSchema.swift; sourceTree = "<group>"; };
		F441B6E8EB91AD06BD449DE9 /* OFL.txt */ = {isa = PBXFileReference; lastKnownFileType = text; path = OFL.txt; sourceTree = "<group>"; };
		F66478482D65AA2F3A550DE6 /* GalleryScreen.swift */ = {isa = PBXFileReference; lastKnownFileType = sourcecode.swift; path = GalleryScreen.swift; sourceTree = "<group>"; };
/* End PBXFileReference section */

/* Begin PBXFrameworksBuildPhase section */
		3138683EE32B7CAC64ECF64D /* Frameworks */ = {
			isa = PBXFrameworksBuildPhase;
			buildActionMask = 2147483647;
			files = (
				E7B5F43FB54DA90B9F02FFDF /* MadiKit.framework in Frameworks */,
			);
			runOnlyForDeploymentPostprocessing = 0;
		};
		4B0534C1A803D27750B690D0 /* Frameworks */ = {
			isa = PBXFrameworksBuildPhase;
			buildActionMask = 2147483647;
			files = (
				927E3BBA58DC739C64FC1904 /* MadiKit.framework in Frameworks */,
			);
			runOnlyForDeploymentPostprocessing = 0;
		};
		6F97D029489E793AF76DFF77 /* Frameworks */ = {
			isa = PBXFrameworksBuildPhase;
			buildActionMask = 2147483647;
			files = (
				631C3B5825F86943E42C6697 /* MadiKit.framework in Frameworks */,
			);
			runOnlyForDeploymentPostprocessing = 0;
		};
/* End PBXFrameworksBuildPhase section */

/* Begin PBXGroup section */
		27175C2EBCA3FF78E2BCD6E4 /* App */ = {
			isa = PBXGroup;
			children = (
				1E9DC392FB5C0C3CFF7817F9 /* MadiApp.swift */,
			);
			path = App;
			sourceTree = "<group>";
		};
		2A583A874B78E0D5F4662FE3 /* UI */ = {
			isa = PBXGroup;
			children = (
				C3776461BBD34CCBE8C9AA84 /* Common */,
				D4B37CD868309DEE9234E1D6 /* Gallery */,
				8F8C1058300012D19DA77263 /* Preview */,
				D7532AC14A9012644E3BCC51 /* Snapshot */,
				2704493EA14FFB218BD85234 /* Copy.swift */,
				D23EFEE0990BF78AF95B29CE /* RootView.swift */,
				E8A2015B58FA275085359C25 /* SidebarView.swift */,
				C43B0035E8655B359C0E3B47 /* Tokens.swift */,
				B501D4D78085E4494C9267E0 /* ViewData.swift */,
			);
			path = UI;
			sourceTree = "<group>";
		};
		3EAAB46E6972FB7A262FC8AD /* Render */ = {
			isa = PBXGroup;
			children = (
				DA6ADD859B1A49D3B7AED392 /* FrameSheet.swift */,
				C3B2B8D01B0628FACEC7DDB1 /* Renderer.swift */,
				0CF255FFFF4817C0CC024338 /* StillRenderer.swift */,
			);
			path = Render;
			sourceTree = "<group>";
		};
		3F8ED61BED06F0E55CA23372 /* MadiSpike */ = {
			isa = PBXGroup;
			children = (
				006AFA79D5ADACA512DB698F /* main.swift */,
			);
			path = MadiSpike;
			sourceTree = "<group>";
		};
		4B3902BB9CBD36DCD6CF7B65 /* MadiTests */ = {
			isa = PBXGroup;
			children = (
				3E21F644B2F761A97C070BE8 /* CompositionTests.swift */,
				407CF4C64A45F212D6AA28FA /* StyleTests.swift */,
			);
			path = MadiTests;
			sourceTree = "<group>";
		};
		50EF86560294D49C3F75157A /* Fonts */ = {
			isa = PBXGroup;
			children = (
				F441B6E8EB91AD06BD449DE9 /* OFL.txt */,
				8148334F0D1C4607F6103479 /* PretendardVariable.ttf */,
			);
			path = Fonts;
			sourceTree = "<group>";
		};
		69140C61BB78CCA634ACA07A /* Madi */ = {
			isa = PBXGroup;
			children = (
				EB4641ACC6388B75FED10FC6 /* Analyze */,
				27175C2EBCA3FF78E2BCD6E4 /* App */,
				B3373C326AF407F41143AEFF /* Model */,
				3EAAB46E6972FB7A262FC8AD /* Render */,
				CEC1DE80438539AEC19813FE /* Resources */,
				E43B38BE34ACF3DE05041893 /* Templates */,
				2A583A874B78E0D5F4662FE3 /* UI */,
			);
			path = Madi;
			sourceTree = "<group>";
		};
		6EAE7334989D9AD3752E550F /* Products */ = {
			isa = PBXGroup;
			children = (
				A6846090E3F100A140F296D0 /* Madi.app */,
				409E7371C9108F4322587DF0 /* MadiKit.framework */,
				181BC5EB1AF428D241C43C78 /* MadiSpike */,
				99FF29B03B61C75F0F2A1992 /* MadiTests.xctest */,
				C82B9B1ABC2CD65FF56DC695 /* MadiUIShots */,
			);
			name = Products;
			sourceTree = "<group>";
		};
		8F8C1058300012D19DA77263 /* Preview */ = {
			isa = PBXGroup;
			children = (
				4128CE6E4AFED6AD5491C264 /* SampleData.swift */,
			);
			path = Preview;
			sourceTree = "<group>";
		};
		B3373C326AF407F41143AEFF /* Model */ = {
			isa = PBXGroup;
			children = (
				445E24C845CB9F13A235589E /* Composition.swift */,
				9F09B5CE975F12C72180877E /* JSONValue.swift */,
			);
			path = Model;
			sourceTree = "<group>";
		};
		C3776461BBD34CCBE8C9AA84 /* Common */ = {
			isa = PBXGroup;
			children = (
				CA06076D2C37AFB52A054685 /* ThumbnailView.swift */,
			);
			path = Common;
			sourceTree = "<group>";
		};
		C6F37E4EB5C24272DA26F904 /* Pose */ = {
			isa = PBXGroup;
			children = (
				72D94087F95A27AD4220EBA1 /* PoseOverlay.swift */,
				3CDC46588584CE5887303191 /* PoseProvider.swift */,
				75236889EB2CBFE994D392D2 /* SubjectDetector.swift */,
			);
			path = Pose;
			sourceTree = "<group>";
		};
		CEC1DE80438539AEC19813FE /* Resources */ = {
			isa = PBXGroup;
			children = (
				50EF86560294D49C3F75157A /* Fonts */,
				51E6B50BFE4E0F63A6994F30 /* styles */,
			);
			path = Resources;
			sourceTree = "<group>";
		};
		D4B37CD868309DEE9234E1D6 /* Gallery */ = {
			isa = PBXGroup;
			children = (
				F66478482D65AA2F3A550DE6 /* GalleryScreen.swift */,
				C353F07622E1853C9A758B5F /* ShotCell.swift */,
				69FA9B25C6634222F16324AB /* ShotInspector.swift */,
			);
			path = Gallery;
			sourceTree = "<group>";
		};
		D7532AC14A9012644E3BCC51 /* Snapshot */ = {
			isa = PBXGroup;
			children = (
				B03759FB9105D4D3E02D4DE3 /* main.swift */,
			);
			path = Snapshot;
			sourceTree = "<group>";
		};
		E43B38BE34ACF3DE05041893 /* Templates */ = {
			isa = PBXGroup;
			children = (
				71CD7162AEC4CB13D3A85753 /* CaptionLayer.swift */,
				9198795506821EE4D71C606A /* Font.swift */,
				EBC6F4DD77E4B83E33D191D5 /* Layout.swift */,
				F080369FE263622AB0237836 /* StyleSchema.swift */,
				17ABE83D90BA6977FB20DD73 /* StyleStore.swift */,
			);
			path = Templates;
			sourceTree = "<group>";
		};
		EB4641ACC6388B75FED10FC6 /* Analyze */ = {
			isa = PBXGroup;
			children = (
				C6F37E4EB5C24272DA26F904 /* Pose */,
			);
			path = Analyze;
			sourceTree = "<group>";
		};
		FD9084BA75892BC85BEA1E49 = {
			isa = PBXGroup;
			children = (
				69140C61BB78CCA634ACA07A /* Madi */,
				3F8ED61BED06F0E55CA23372 /* MadiSpike */,
				4B3902BB9CBD36DCD6CF7B65 /* MadiTests */,
				6EAE7334989D9AD3752E550F /* Products */,
			);
			sourceTree = "<group>";
		};
/* End PBXGroup section */

/* Begin PBXNativeTarget section */
		15DF6E938EF009BBF466D811 /* MadiKit */ = {
			isa = PBXNativeTarget;
			buildConfigurationList = 0D47DCB2A8ADF44DC4FB845C /* Build configuration list for PBXNativeTarget "MadiKit" */;
			buildPhases = (
				F6399037A02BFBE6EF1FBBB9 /* Sources */,
				6C6B754D1F1B925195EEDE8F /* Resources */,
			);
			buildRules = (
			);
			dependencies = (
			);
			name = MadiKit;
			packageProductDependencies = (
			);
			productName = MadiKit;
			productReference = 409E7371C9108F4322587DF0 /* MadiKit.framework */;
			productType = "com.apple.product-type.framework";
		};
		3622BECF89ADC4A5A5BA0FF4 /* Madi */ = {
			isa = PBXNativeTarget;
			buildConfigurationList = 5510E1798702F96926B383D3 /* Build configuration list for PBXNativeTarget "Madi" */;
			buildPhases = (
				822324B2AF1DA4C0596B553E /* Sources */,
				6F97D029489E793AF76DFF77 /* Frameworks */,
				BF3A0AE0AFDEB21B8156F0CD /* Embed Frameworks */,
			);
			buildRules = (
			);
			dependencies = (
				AF7DF740E652D73ACD8F62B5 /* PBXTargetDependency */,
			);
			name = Madi;
			packageProductDependencies = (
			);
			productName = Madi;
			productReference = A6846090E3F100A140F296D0 /* Madi.app */;
			productType = "com.apple.product-type.application";
		};
		38B85232B8F36128F9BF780E /* MadiUIShots */ = {
			isa = PBXNativeTarget;
			buildConfigurationList = ED1DFB19D91E9EE86668FD53 /* Build configuration list for PBXNativeTarget "MadiUIShots" */;
			buildPhases = (
				F598932F7E0671B7D09D40BC /* Sources */,
			);
			buildRules = (
			);
			dependencies = (
			);
			name = MadiUIShots;
			packageProductDependencies = (
			);
			productName = MadiUIShots;
			productReference = C82B9B1ABC2CD65FF56DC695 /* MadiUIShots */;
			productType = "com.apple.product-type.tool";
		};
		A015F0C7D597DD08B1F56D8C /* MadiTests */ = {
			isa = PBXNativeTarget;
			buildConfigurationList = 8D2FD64F1A4382EF20D4BB61 /* Build configuration list for PBXNativeTarget "MadiTests" */;
			buildPhases = (
				ADFE1AFB58CFD6BED968DFCA /* Sources */,
				3138683EE32B7CAC64ECF64D /* Frameworks */,
			);
			buildRules = (
			);
			dependencies = (
				B0B2CCF77F0C3DC220F4BF26 /* PBXTargetDependency */,
			);
			name = MadiTests;
			packageProductDependencies = (
			);
			productName = MadiTests;
			productReference = 99FF29B03B61C75F0F2A1992 /* MadiTests.xctest */;
			productType = "com.apple.product-type.bundle.unit-test";
		};
		BD1CEB1E1103DC9641508FBD /* MadiSpike */ = {
			isa = PBXNativeTarget;
			buildConfigurationList = 2127D50E70DCC15D9E32AFBB /* Build configuration list for PBXNativeTarget "MadiSpike" */;
			buildPhases = (
				5EBEB335831A5B43772BF017 /* Sources */,
				4B0534C1A803D27750B690D0 /* Frameworks */,
			);
			buildRules = (
			);
			dependencies = (
				13CD62DA1FE61DE61730FF8A /* PBXTargetDependency */,
			);
			name = MadiSpike;
			packageProductDependencies = (
			);
			productName = MadiSpike;
			productReference = 181BC5EB1AF428D241C43C78 /* MadiSpike */;
			productType = "com.apple.product-type.tool";
		};
/* End PBXNativeTarget section */

/* Begin PBXProject section */
		F0A36624190F4EC8F8D4D9E5 /* Project object */ = {
			isa = PBXProject;
			attributes = {
				BuildIndependentTargetsInParallel = YES;
				LastUpgradeCheck = 1430;
				TargetAttributes = {
				};
			};
			buildConfigurationList = 5CAE109ACDB06A0DC27ACD93 /* Build configuration list for PBXProject "Madi" */;
			developmentRegion = en;
			hasScannedForEncodings = 0;
			knownRegions = (
				Base,
				en,
			);
			mainGroup = FD9084BA75892BC85BEA1E49;
			minimizedProjectReferenceProxies = 1;
			preferredProjectObjectVersion = 77;
			productRefGroup = 6EAE7334989D9AD3752E550F /* Products */;
			projectDirPath = "";
			projectRoot = "";
			targets = (
				3622BECF89ADC4A5A5BA0FF4 /* Madi */,
				15DF6E938EF009BBF466D811 /* MadiKit */,
				BD1CEB1E1103DC9641508FBD /* MadiSpike */,
				A015F0C7D597DD08B1F56D8C /* MadiTests */,
				38B85232B8F36128F9BF780E /* MadiUIShots */,
			);
		};
/* End PBXProject section */

/* Begin PBXResourcesBuildPhase section */
		6C6B754D1F1B925195EEDE8F /* Resources */ = {
			isa = PBXResourcesBuildPhase;
			buildActionMask = 2147483647;
			files = (
				8F8D3E23A77E148BCC89AFA8 /* OFL.txt in Resources */,
				7C9E11D054D39BC490258492 /* PretendardVariable.ttf in Resources */,
				64E6401962C8137B5156C041 /* styles in Resources */,
			);
			runOnlyForDeploymentPostprocessing = 0;
		};
/* End PBXResourcesBuildPhase section */

/* Begin PBXSourcesBuildPhase section */
		5EBEB335831A5B43772BF017 /* Sources */ = {
			isa = PBXSourcesBuildPhase;
			buildActionMask = 2147483647;
			files = (
				2BA892758BC7F49E8495F281 /* main.swift in Sources */,
			);
			runOnlyForDeploymentPostprocessing = 0;
		};
		822324B2AF1DA4C0596B553E /* Sources */ = {
			isa = PBXSourcesBuildPhase;
			buildActionMask = 2147483647;
			files = (
				FDAD3F002F69F8295199DB0C /* Copy.swift in Sources */,
				F949B92E3B8AC97F765F9967 /* GalleryScreen.swift in Sources */,
				41D529605EC5629F9025E152 /* MadiApp.swift in Sources */,
				24BDF6178A3683305B2E0DCC /* RootView.swift in Sources */,
				74E3D5333D6E6085E0C38514 /* SampleData.swift in Sources */,
				0CBD7641BDFB4FDCC3F5D2C5 /* ShotCell.swift in Sources */,
				B7657EE3966D5B2948F05A31 /* ShotInspector.swift in Sources */,
				D88DF0769A48CFDF2CE19AA9 /* SidebarView.swift in Sources */,
				5EC4898A1FFFEA0919EFE78F /* ThumbnailView.swift in Sources */,
				E18ACF13437C7F2E6178E2D4 /* Tokens.swift in Sources */,
				9E9EE4E9653FAD55F33393EA /* ViewData.swift in Sources */,
			);
			runOnlyForDeploymentPostprocessing = 0;
		};
		ADFE1AFB58CFD6BED968DFCA /* Sources */ = {
			isa = PBXSourcesBuildPhase;
			buildActionMask = 2147483647;
			files = (
				F76C7F574A45D391BC82F937 /* CompositionTests.swift in Sources */,
				55BFC2D227DCDDFD63F04E38 /* StyleTests.swift in Sources */,
			);
			runOnlyForDeploymentPostprocessing = 0;
		};
		F598932F7E0671B7D09D40BC /* Sources */ = {
			isa = PBXSourcesBuildPhase;
			buildActionMask = 2147483647;
			files = (
				7E40D672E298A150152E6A77 /* Copy.swift in Sources */,
				56BA0DAE7878958DC6021E5E /* GalleryScreen.swift in Sources */,
				2093C320099FF2C35A38877A /* RootView.swift in Sources */,
				EDFC7A9DCC434C1E09B1BF3D /* SampleData.swift in Sources */,
				4FB64F36C58E61FA1C86AF1A /* ShotCell.swift in Sources */,
				8FD1677DF404DBD865A55D84 /* ShotInspector.swift in Sources */,
				3312AA868189344A37C6747B /* SidebarView.swift in Sources */,
				78B15137301B5B86F724D221 /* ThumbnailView.swift in Sources */,
				B95FD6137063423CD9DB2989 /* Tokens.swift in Sources */,
				EF0F26CB078C7C8B601BDC4D /* ViewData.swift in Sources */,
				007DF1B78B85420A704F8F34 /* main.swift in Sources */,
			);
			runOnlyForDeploymentPostprocessing = 0;
		};
		F6399037A02BFBE6EF1FBBB9 /* Sources */ = {
			isa = PBXSourcesBuildPhase;
			buildActionMask = 2147483647;
			files = (
				A71CD837B55F05CD74CD62A5 /* CaptionLayer.swift in Sources */,
				07776DF9B2BE228B2EFA4566 /* Composition.swift in Sources */,
				498A29E3EF2E75257EADC4AD /* Font.swift in Sources */,
				DF49714AE26CCB238A41B42F /* FrameSheet.swift in Sources */,
				CC86AF959B9705EC491D0637 /* JSONValue.swift in Sources */,
				B84729514D4454755BF89583 /* Layout.swift in Sources */,
				6B3E982EF607902E95F17BE7 /* PoseOverlay.swift in Sources */,
				2EE5D8289209DFCF1DC52EE2 /* PoseProvider.swift in Sources */,
				FC3555D591D888294B8CF13A /* Renderer.swift in Sources */,
				DD6B5D3982C692F53D075B8E /* StillRenderer.swift in Sources */,
				2F438C7740AE320FCA33D469 /* StyleSchema.swift in Sources */,
				7EC27D66EB8FA2EB23EF7B40 /* StyleStore.swift in Sources */,
				A6F36ADDD48689551312F81C /* SubjectDetector.swift in Sources */,
			);
			runOnlyForDeploymentPostprocessing = 0;
		};
/* End PBXSourcesBuildPhase section */

/* Begin PBXTargetDependency section */
		13CD62DA1FE61DE61730FF8A /* PBXTargetDependency */ = {
			isa = PBXTargetDependency;
			target = 15DF6E938EF009BBF466D811 /* MadiKit */;
			targetProxy = 0D9055D5AA285AEC1A970C34 /* PBXContainerItemProxy */;
		};
		AF7DF740E652D73ACD8F62B5 /* PBXTargetDependency */ = {
			isa = PBXTargetDependency;
			target = 15DF6E938EF009BBF466D811 /* MadiKit */;
			targetProxy = 85361ED6C34206F740EBA63B /* PBXContainerItemProxy */;
		};
		B0B2CCF77F0C3DC220F4BF26 /* PBXTargetDependency */ = {
			isa = PBXTargetDependency;
			target = 15DF6E938EF009BBF466D811 /* MadiKit */;
			targetProxy = C2AA01650A1EC80F0CD38C5F /* PBXContainerItemProxy */;
		};
/* End PBXTargetDependency section */

/* Begin XCBuildConfiguration section */
		021AAE91C0F53001834DA9BB /* Release */ = {
			isa = XCBuildConfiguration;
			buildSettings = {
				BUNDLE_LOADER = "$(TEST_HOST)";
				COMBINE_HIDPI_IMAGES = YES;
				GENERATE_INFOPLIST_FILE = YES;
				LD_RUNPATH_SEARCH_PATHS = "@executable_path/../Frameworks @loader_path/../Frameworks";
				PRODUCT_BUNDLE_IDENTIFIER = app.madi.tests;
				SDKROOT = macosx;
			};
			name = Release;
		};
		06D505653D0F77F3B083DDEC /* Release */ = {
			isa = XCBuildConfiguration;
			buildSettings = {
				COMBINE_HIDPI_IMAGES = YES;
				LD_RUNPATH_SEARCH_PATHS = "@executable_path";
				PRODUCT_BUNDLE_IDENTIFIER = app.madi.MadiSpike;
				PRODUCT_NAME = "madi-spike";
				SDKROOT = macosx;
			};
			name = Release;
		};
		09F8CF1A455C378E3ECD5F69 /* Debug */ = {
			isa = XCBuildConfiguration;
			buildSettings = {
				COMBINE_HIDPI_IMAGES = YES;
				LD_RUNPATH_SEARCH_PATHS = "@executable_path";
				PRODUCT_BUNDLE_IDENTIFIER = app.madi.MadiSpike;
				PRODUCT_NAME = "madi-spike";
				SDKROOT = macosx;
			};
			name = Debug;
		};
		1539EED331AC8D1284CDB14C /* Debug */ = {
			isa = XCBuildConfiguration;
			buildSettings = {
				ASSETCATALOG_COMPILER_APPICON_NAME = AppIcon;
				COMBINE_HIDPI_IMAGES = YES;
				GENERATE_INFOPLIST_FILE = YES;
				INFOPLIST_KEY_NSHumanReadableCopyright = "";
				LD_RUNPATH_SEARCH_PATHS = "@executable_path/../Frameworks";
				PRODUCT_BUNDLE_IDENTIFIER = app.madi.Madi;
				SDKROOT = macosx;
			};
			name = Debug;
		};
		43C3364AA0015D1CD53148F9 /* Debug */ = {
			isa = XCBuildConfiguration;
			buildSettings = {
				CODE_SIGN_IDENTITY = "";
				COMBINE_HIDPI_IMAGES = YES;
				CURRENT_PROJECT_VERSION = 1;
				DEFINES_MODULE = YES;
				DYLIB_COMPATIBILITY_VERSION = 1;
				DYLIB_CURRENT_VERSION = 1;
				DYLIB_INSTALL_NAME_BASE = "@rpath";
				GENERATE_INFOPLIST_FILE = YES;
				INSTALL_PATH = "$(LOCAL_LIBRARY_DIR)/Frameworks";
				LD_RUNPATH_SEARCH_PATHS = (
					"$(inherited)",
					"@executable_path/../Frameworks",
				);
				PRODUCT_BUNDLE_IDENTIFIER = app.madi.kit;
				SDKROOT = macosx;
				SKIP_INSTALL = YES;
				VERSIONING_SYSTEM = "apple-generic";
			};
			name = Debug;
		};
		615141E13D7B4C98BDB6EC64 /* Debug */ = {
			isa = XCBuildConfiguration;
			buildSettings = {
				BUNDLE_LOADER = "$(TEST_HOST)";
				COMBINE_HIDPI_IMAGES = YES;
				GENERATE_INFOPLIST_FILE = YES;
				LD_RUNPATH_SEARCH_PATHS = "@executable_path/../Frameworks @loader_path/../Frameworks";
				PRODUCT_BUNDLE_IDENTIFIER = app.madi.tests;
				SDKROOT = macosx;
			};
			name = Debug;
		};
		6F02DB13695AD55C72F1839E /* Release */ = {
			isa = XCBuildConfiguration;
			buildSettings = {
				COMBINE_HIDPI_IMAGES = YES;
				LD_RUNPATH_SEARCH_PATHS = (
					"$(inherited)",
					"@executable_path/../Frameworks",
				);
				PRODUCT_BUNDLE_IDENTIFIER = app.madi.MadiUIShots;
				PRODUCT_NAME = "madi-ui-shots";
				SDKROOT = macosx;
				SWIFT_VERSION = 6.0;
			};
			name = Release;
		};
		7331C4327571420B95AB8435 /* Release */ = {
			isa = XCBuildConfiguration;
			buildSettings = {
				CODE_SIGN_IDENTITY = "";
				COMBINE_HIDPI_IMAGES = YES;
				CURRENT_PROJECT_VERSION = 1;
				DEFINES_MODULE = YES;
				DYLIB_COMPATIBILITY_VERSION = 1;
				DYLIB_CURRENT_VERSION = 1;
				DYLIB_INSTALL_NAME_BASE = "@rpath";
				GENERATE_INFOPLIST_FILE = YES;
				INSTALL_PATH = "$(LOCAL_LIBRARY_DIR)/Frameworks";
				LD_RUNPATH_SEARCH_PATHS = (
					"$(inherited)",
					"@executable_path/../Frameworks",
				);
				PRODUCT_BUNDLE_IDENTIFIER = app.madi.kit;
				SDKROOT = macosx;
				SKIP_INSTALL = YES;
				VERSIONING_SYSTEM = "apple-generic";
			};
			name = Release;
		};
		845E099AB64C381687AF6C3D /* Release */ = {
			isa = XCBuildConfiguration;
			buildSettings = {
				ALWAYS_SEARCH_USER_PATHS = NO;
				ARCHS = "arm64 x86_64";
				CLANG_ANALYZER_NONNULL = YES;
				CLANG_ANALYZER_NUMBER_OBJECT_CONVERSION = YES_AGGRESSIVE;
				CLANG_CXX_LANGUAGE_STANDARD = "gnu++14";
				CLANG_CXX_LIBRARY = "libc++";
				CLANG_ENABLE_MODULES = YES;
				CLANG_ENABLE_OBJC_ARC = YES;
				CLANG_ENABLE_OBJC_WEAK = YES;
				CLANG_WARN_BLOCK_CAPTURE_AUTORELEASING = YES;
				CLANG_WARN_BOOL_CONVERSION = YES;
				CLANG_WARN_COMMA = YES;
				CLANG_WARN_CONSTANT_CONVERSION = YES;
				CLANG_WARN_DEPRECATED_OBJC_IMPLEMENTATIONS = YES;
				CLANG_WARN_DIRECT_OBJC_ISA_USAGE = YES_ERROR;
				CLANG_WARN_DOCUMENTATION_COMMENTS = YES;
				CLANG_WARN_EMPTY_BODY = YES;
				CLANG_WARN_ENUM_CONVERSION = YES;
				CLANG_WARN_INFINITE_RECURSION = YES;
				CLANG_WARN_INT_CONVERSION = YES;
				CLANG_WARN_NON_LITERAL_NULL_CONVERSION = YES;
				CLANG_WARN_OBJC_IMPLICIT_RETAIN_SELF = YES;
				CLANG_WARN_OBJC_LITERAL_CONVERSION = YES;
				CLANG_WARN_OBJC_ROOT_CLASS = YES_ERROR;
				CLANG_WARN_QUOTED_INCLUDE_IN_FRAMEWORK_HEADER = YES;
				CLANG_WARN_RANGE_LOOP_ANALYSIS = YES;
				CLANG_WARN_STRICT_PROTOTYPES = YES;
				CLANG_WARN_SUSPICIOUS_MOVE = YES;
				CLANG_WARN_UNGUARDED_AVAILABILITY = YES_AGGRESSIVE;
				CLANG_WARN_UNREACHABLE_CODE = YES;
				CLANG_WARN__DUPLICATE_METHOD_MATCH = YES;
				CODE_SIGNING_REQUIRED = NO;
				CODE_SIGN_IDENTITY = "-";
				COPY_PHASE_STRIP = NO;
				DEBUG_INFORMATION_FORMAT = "dwarf-with-dsym";
				ENABLE_NS_ASSERTIONS = NO;
				ENABLE_STRICT_OBJC_MSGSEND = YES;
				ENABLE_USER_SCRIPT_SANDBOXING = NO;
				GCC_C_LANGUAGE_STANDARD = gnu11;
				GCC_NO_COMMON_BLOCKS = YES;
				GCC_WARN_64_TO_32_BIT_CONVERSION = YES;
				GCC_WARN_ABOUT_RETURN_TYPE = YES_ERROR;
				GCC_WARN_UNDECLARED_SELECTOR = YES;
				GCC_WARN_UNINITIALIZED_AUTOS = YES_AGGRESSIVE;
				GCC_WARN_UNUSED_FUNCTION = YES;
				GCC_WARN_UNUSED_VARIABLE = YES;
				MACOSX_DEPLOYMENT_TARGET = 14.0;
				MTL_ENABLE_DEBUG_INFO = NO;
				MTL_FAST_MATH = YES;
				ONLY_ACTIVE_ARCH = NO;
				PRODUCT_NAME = "$(TARGET_NAME)";
				SDKROOT = macosx;
				SWIFT_COMPILATION_MODE = wholemodule;
				SWIFT_OPTIMIZATION_LEVEL = "-O";
				SWIFT_STRICT_CONCURRENCY = complete;
				SWIFT_VERSION = 6.0;
			};
			name = Release;
		};
		AA7580D362960FE191384BA0 /* Release */ = {
			isa = XCBuildConfiguration;
			buildSettings = {
				ASSETCATALOG_COMPILER_APPICON_NAME = AppIcon;
				COMBINE_HIDPI_IMAGES = YES;
				GENERATE_INFOPLIST_FILE = YES;
				INFOPLIST_KEY_NSHumanReadableCopyright = "";
				LD_RUNPATH_SEARCH_PATHS = "@executable_path/../Frameworks";
				PRODUCT_BUNDLE_IDENTIFIER = app.madi.Madi;
				SDKROOT = macosx;
			};
			name = Release;
		};
		B4430E268DAC5B18C6969920 /* Debug */ = {
			isa = XCBuildConfiguration;
			buildSettings = {
				ALWAYS_SEARCH_USER_PATHS = NO;
				ARCHS = "arm64 x86_64";
				CLANG_ANALYZER_NONNULL = YES;
				CLANG_ANALYZER_NUMBER_OBJECT_CONVERSION = YES_AGGRESSIVE;
				CLANG_CXX_LANGUAGE_STANDARD = "gnu++14";
				CLANG_CXX_LIBRARY = "libc++";
				CLANG_ENABLE_MODULES = YES;
				CLANG_ENABLE_OBJC_ARC = YES;
				CLANG_ENABLE_OBJC_WEAK = YES;
				CLANG_WARN_BLOCK_CAPTURE_AUTORELEASING = YES;
				CLANG_WARN_BOOL_CONVERSION = YES;
				CLANG_WARN_COMMA = YES;
				CLANG_WARN_CONSTANT_CONVERSION = YES;
				CLANG_WARN_DEPRECATED_OBJC_IMPLEMENTATIONS = YES;
				CLANG_WARN_DIRECT_OBJC_ISA_USAGE = YES_ERROR;
				CLANG_WARN_DOCUMENTATION_COMMENTS = YES;
				CLANG_WARN_EMPTY_BODY = YES;
				CLANG_WARN_ENUM_CONVERSION = YES;
				CLANG_WARN_INFINITE_RECURSION = YES;
				CLANG_WARN_INT_CONVERSION = YES;
				CLANG_WARN_NON_LITERAL_NULL_CONVERSION = YES;
				CLANG_WARN_OBJC_IMPLICIT_RETAIN_SELF = YES;
				CLANG_WARN_OBJC_LITERAL_CONVERSION = YES;
				CLANG_WARN_OBJC_ROOT_CLASS = YES_ERROR;
				CLANG_WARN_QUOTED_INCLUDE_IN_FRAMEWORK_HEADER = YES;
				CLANG_WARN_RANGE_LOOP_ANALYSIS = YES;
				CLANG_WARN_STRICT_PROTOTYPES = YES;
				CLANG_WARN_SUSPICIOUS_MOVE = YES;
				CLANG_WARN_UNGUARDED_AVAILABILITY = YES_AGGRESSIVE;
				CLANG_WARN_UNREACHABLE_CODE = YES;
				CLANG_WARN__DUPLICATE_METHOD_MATCH = YES;
				CODE_SIGNING_REQUIRED = NO;
				CODE_SIGN_IDENTITY = "-";
				COPY_PHASE_STRIP = NO;
				DEBUG_INFORMATION_FORMAT = dwarf;
				ENABLE_STRICT_OBJC_MSGSEND = YES;
				ENABLE_TESTABILITY = YES;
				ENABLE_USER_SCRIPT_SANDBOXING = NO;
				GCC_C_LANGUAGE_STANDARD = gnu11;
				GCC_DYNAMIC_NO_PIC = NO;
				GCC_NO_COMMON_BLOCKS = YES;
				GCC_OPTIMIZATION_LEVEL = 0;
				GCC_PREPROCESSOR_DEFINITIONS = (
					"$(inherited)",
					"DEBUG=1",
				);
				GCC_WARN_64_TO_32_BIT_CONVERSION = YES;
				GCC_WARN_ABOUT_RETURN_TYPE = YES_ERROR;
				GCC_WARN_UNDECLARED_SELECTOR = YES;
				GCC_WARN_UNINITIALIZED_AUTOS = YES_AGGRESSIVE;
				GCC_WARN_UNUSED_FUNCTION = YES;
				GCC_WARN_UNUSED_VARIABLE = YES;
				MACOSX_DEPLOYMENT_TARGET = 14.0;
				MTL_ENABLE_DEBUG_INFO = INCLUDE_SOURCE;
				MTL_FAST_MATH = YES;
				ONLY_ACTIVE_ARCH = NO;
				PRODUCT_NAME = "$(TARGET_NAME)";
				SDKROOT = macosx;
				SWIFT_ACTIVE_COMPILATION_CONDITIONS = DEBUG;
				SWIFT_OPTIMIZATION_LEVEL = "-Onone";
				SWIFT_STRICT_CONCURRENCY = complete;
				SWIFT_VERSION = 6.0;
			};
			name = Debug;
		};
		D0CFB85AB7AAC034972C5AC7 /* Debug */ = {
			isa = XCBuildConfiguration;
			buildSettings = {
				COMBINE_HIDPI_IMAGES = YES;
				LD_RUNPATH_SEARCH_PATHS = (
					"$(inherited)",
					"@executable_path/../Frameworks",
				);
				PRODUCT_BUNDLE_IDENTIFIER = app.madi.MadiUIShots;
				PRODUCT_NAME = "madi-ui-shots";
				SDKROOT = macosx;
				SWIFT_VERSION = 6.0;
			};
			name = Debug;
		};
/* End XCBuildConfiguration section */

/* Begin XCConfigurationList section */
		0D47DCB2A8ADF44DC4FB845C /* Build configuration list for PBXNativeTarget "MadiKit" */ = {
			isa = XCConfigurationList;
			buildConfigurations = (
				43C3364AA0015D1CD53148F9 /* Debug */,
				7331C4327571420B95AB8435 /* Release */,
			);
			defaultConfigurationIsVisible = 0;
			defaultConfigurationName = Debug;
		};
		2127D50E70DCC15D9E32AFBB /* Build configuration list for PBXNativeTarget "MadiSpike" */ = {
			isa = XCConfigurationList;
			buildConfigurations = (
				09F8CF1A455C378E3ECD5F69 /* Debug */,
				06D505653D0F77F3B083DDEC /* Release */,
			);
			defaultConfigurationIsVisible = 0;
			defaultConfigurationName = Debug;
		};
		5510E1798702F96926B383D3 /* Build configuration list for PBXNativeTarget "Madi" */ = {
			isa = XCConfigurationList;
			buildConfigurations = (
				1539EED331AC8D1284CDB14C /* Debug */,
				AA7580D362960FE191384BA0 /* Release */,
			);
			defaultConfigurationIsVisible = 0;
			defaultConfigurationName = Debug;
		};
		5CAE109ACDB06A0DC27ACD93 /* Build configuration list for PBXProject "Madi" */ = {
			isa = XCConfigurationList;
			buildConfigurations = (
				B4430E268DAC5B18C6969920 /* Debug */,
				845E099AB64C381687AF6C3D /* Release */,
			);
			defaultConfigurationIsVisible = 0;
			defaultConfigurationName = Debug;
		};
		8D2FD64F1A4382EF20D4BB61 /* Build configuration list for PBXNativeTarget "MadiTests" */ = {
			isa = XCConfigurationList;
			buildConfigurations = (
				615141E13D7B4C98BDB6EC64 /* Debug */,
				021AAE91C0F53001834DA9BB /* Release */,
			);
			defaultConfigurationIsVisible = 0;
			defaultConfigurationName = Debug;
		};
		ED1DFB19D91E9EE86668FD53 /* Build configuration list for PBXNativeTarget "MadiUIShots" */ = {
			isa = XCConfigurationList;
			buildConfigurations = (
				D0CFB85AB7AAC034972C5AC7 /* Debug */,
				6F02DB13695AD55C72F1839E /* Release */,
			);
			defaultConfigurationIsVisible = 0;
			defaultConfigurationName = Debug;
		};
/* End XCConfigurationList section */
	};
	rootObject = F0A36624190F4EC8F8D4D9E5 /* Project object */;
}
